
Microsoft Visual Studio Solution File, Format Version 12.00
# Visual Studio Version 17
VisualStudioVersion = 17.4.33110.190
MinimumVisualStudioVersion = 10.0.40219.1
Project("{FAE04EC0-301F-11D3-BF4B-00C04F79EFBC}") = "PetNameGenerator", "PetNameGenerator\PetNameGenerator.csproj", "{479952F9-8814-44B4-99CD-1117F5EA32BC}"
EndProject
Global
	GlobalSection(SolutionConfigurationPlatforms) = preSolution
		Debug|Any CPU = Debug|Any CPU
		Release|Any CPU = Release|Any CPU
	EndGlobalSection
	GlobalSection(ProjectConfigurationPlatforms) = postSolution
		{479952F9-8814-44B4-99CD-1117F5EA32BC}.Debug|Any CPU.ActiveCfg = Debug|Any CPU
		{479952F9-8814-44B4-99CD-1117F5EA32BC}.Debug|Any CPU.Build.0 = Debug|Any CPU
		{479952F9-8814-44B4-99CD-1117F5EA32BC}.Release|Any CPU.ActiveCfg = Release|Any CPU
		{479952F9-8814-44B4-99CD-1117F5EA32BC}.Release|Any CPU.Build.0 = Release|Any CPU
	EndGlobalSection
	GlobalSection(SolutionProperties) = preSolution
		HideSolutionNode = FALSE
	EndGlobalSection
	GlobalSection(ExtensibilityGlobals) = postSolution
		SolutionGuid = {FF373806-60B3-43D7-92C7-71863A5D2095}
	EndGlobalSection
EndGlobal
